
Microsoft Visual Studio Solution File, Format Version 12.00
# Visual Studio Version 17
VisualStudioVersion = 17.5.002.0
MinimumVisualStudioVersion = 10.0.40219.1
Project("{9A19103F-16F7-4668-BE54-9A1E7A4F7556}") = "Pokedex.Core", "Pokedex.Core\Pokedex.Core.csproj", "{D7A89C28-CA62-44A2-A762-396BBA77CF51}"
EndProject
Project("{FAE04EC0-301F-11D3-BF4B-00C04F79EFBC}") = "Pokedex.Repository", "Pokedex.Repository\Pokedex.Repository.csproj", "{F972E268-BD61-4022-8F8D-05087735C4FA}"
EndProject
Project("{FAE04EC0-301F-11D3-BF4B-00C04F79EFBC}") = "Pokedex.Service", "Pokedex.Service\Pokedex.Service.csproj", "{C0E8221B-B518-42DF-866C-E21C60898B28}"
EndProject
Project("{FAE04EC0-301F-11D3-BF4B-00C04F79EFBC}") = "Pokedex.API", "Pokedex.API\Pokedex.API.csproj", "{68722B31-82BC-441A-BF2E-F63AB73B4334}"
EndProject
Global
	GlobalSection(SolutionConfigurationPlatforms) = preSolution
		Debug|Any CPU = Debug|Any CPU
		Release|Any CPU = Release|Any CPU
	EndGlobalSection
	GlobalSection(ProjectConfigurationPlatforms) = postSolution
		{D7A89C28-CA62-44A2-A762-396BBA77CF51}.Debug|Any CPU.ActiveCfg = Debug|Any CPU
		{D7A89C28-CA62-44A2-A762-396BBA77CF51}.Debug|Any CPU.Build.0 = Debug|Any CPU
		{D7A89C28-CA62-44A2-A762-396BBA77CF51}.Release|Any CPU.ActiveCfg = Release|Any CPU
		{D7A89C28-CA62-44A2-A762-396BBA77CF51}.Release|Any CPU.Build.0 = Release|Any CPU
		{F972E268-BD61-4022-8F8D-05087735C4FA}.Debug|Any CPU.ActiveCfg = Debug|Any CPU
		{F972E268-BD61-4022-8F8D-05087735C4FA}.Debug|Any CPU.Build.0 = Debug|Any CPU
		{F972E268-BD61-4022-8F8D-05087735C4FA}.Release|Any CPU.ActiveCfg = Release|Any CPU
		{F972E268-BD61-4022-8F8D-05087735C4FA}.Release|Any CPU.Build.0 = Release|Any CPU
		{C0E8221B-B518-42DF-866C-E21C60898B28}.Debug|Any CPU.ActiveCfg = Debug|Any CPU
		{C0E8221B-B518-42DF-866C-E21C60898B28}.Debug|Any CPU.Build.0 = Debug|Any CPU
		{C0E8221B-B518-42DF-866C-E21C60898B28}.Release|Any CPU.ActiveCfg = Release|Any CPU
		{C0E8221B-B518-42DF-866C-E21C60898B28}.Release|Any CPU.Build.0 = Release|Any CPU
		{68722B31-82BC-441A-BF2E-F63AB73B4334}.Debug|Any CPU.ActiveCfg = Debug|Any CPU
		{68722B31-82BC-441A-BF2E-F63AB73B4334}.Debug|Any CPU.Build.0 = Debug|Any CPU
		{68722B31-82BC-441A-BF2E-F63AB73B4334}.Release|Any CPU.ActiveCfg = Release|Any CPU
		{68722B31-82BC-441A-BF2E-F63AB73B4334}.Release|Any CPU.Build.0 = Release|Any CPU
	EndGlobalSection
	GlobalSection(SolutionProperties) = preSolution
		HideSolutionNode = FALSE
	EndGlobalSection
	GlobalSection(ExtensibilityGlobals) = postSolution
		SolutionGuid = {1BE5F3B3-F0CA-4D9D-9EAE-701BF0D115EF}
	EndGlobalSection
EndGlobal
